
Microsoft Visual Studio Solution File, Format Version 12.00
# Visual Studio 14
VisualStudioVersion = 14.0.25420.1
MinimumVisualStudioVersion = 10.0.40219.1
Project("{FAE04EC0-301F-11D3-BF4B-00C04F79EFBC}") = "WebApplication3", "WebApplication3\WebApplication3.csproj", "{8711641E-6039-425E-A93F-75FFDB735CF8}"
EndProject
Project("{FAE04EC0-301F-11D3-BF4B-00C04F79EFBC}") = "Common", "Common\Common.csproj", "{8AE18F65-5B50-4C23-93AD-7D65B413158A}"
EndProject
Project("{2150E333-8FDC-42A3-9474-1A3956D46DE8}") = "DAL", "DAL", "{28D360D0-C8B4-4FAE-BCD3-9BEDD3B96B0B}"
EndProject
Project("{FAE04EC0-301F-11D3-BF4B-00C04F79EFBC}") = "DAL", "DAL\DAL.csproj", "{5D2B6790-89F4-4726-B1FC-AB33CE14642A}"
EndProject
Project("{FAE04EC0-301F-11D3-BF4B-00C04F79EFBC}") = "IDAL", "IDAL\IDAL.csproj", "{C6EAA7A2-6021-45BB-82CF-D6202DB9719D}"
EndProject
Project("{2150E333-8FDC-42A3-9474-1A3956D46DE8}") = "BLL", "BLL", "{F5ADDB32-A448-4562-8756-5FD42BB76854}"
EndProject
Project("{FAE04EC0-301F-11D3-BF4B-00C04F79EFBC}") = "IBLL", "IBLL\IBLL.csproj", "{581701A4-DBBF-4729-9B0F-3CD0391891BA}"
EndProject
Project("{FAE04EC0-301F-11D3-BF4B-00C04F79EFBC}") = "BLL", "BLL\BLL.csproj", "{4CF06ED9-52F1-48AA-8A85-0B4EA35BB53A}"
EndProject
Project("{2150E333-8FDC-42A3-9474-1A3956D46DE8}") = "Model", "Model", "{0F7834DD-B4E4-4D7B-A822-8CBA74DAE35E}"
EndProject
Project("{FAE04EC0-301F-11D3-BF4B-00C04F79EFBC}") = "Model", "Model\Model.csproj", "{89941709-E5EF-4119-9B3B-EC27693A21DD}"
EndProject
Global
	GlobalSection(SolutionConfigurationPlatforms) = preSolution
		Debug|Any CPU = Debug|Any CPU
		Release|Any CPU = Release|Any CPU
	EndGlobalSection
	GlobalSection(ProjectConfigurationPlatforms) = postSolution
		{8711641E-6039-425E-A93F-75FFDB735CF8}.Debug|Any CPU.ActiveCfg = Debug|Any CPU
		{8711641E-6039-425E-A93F-75FFDB735CF8}.Debug|Any CPU.Build.0 = Debug|Any CPU
		{8711641E-6039-425E-A93F-75FFDB735CF8}.Release|Any CPU.ActiveCfg = Release|Any CPU
		{8711641E-6039-425E-A93F-75FFDB735CF8}.Release|Any CPU.Build.0 = Release|Any CPU
		{8AE18F65-5B50-4C23-93AD-7D65B413158A}.Debug|Any CPU.ActiveCfg = Debug|Any CPU
		{8AE18F65-5B50-4C23-93AD-7D65B413158A}.Debug|Any CPU.Build.0 = Debug|Any CPU
		{8AE18F65-5B50-4C23-93AD-7D65B413158A}.Release|Any CPU.ActiveCfg = Release|Any CPU
		{8AE18F65-5B50-4C23-93AD-7D65B413158A}.Release|Any CPU.Build.0 = Release|Any CPU
		{5D2B6790-89F4-4726-B1FC-AB33CE14642A}.Debug|Any CPU.ActiveCfg = Debug|Any CPU
		{5D2B6790-89F4-4726-B1FC-AB33CE14642A}.Debug|Any CPU.Build.0 = Debug|Any CPU
		{5D2B6790-89F4-4726-B1FC-AB33CE14642A}.Release|Any CPU.ActiveCfg = Release|Any CPU
		{5D2B6790-89F4-4726-B1FC-AB33CE14642A}.Release|Any CPU.Build.0 = Release|Any CPU
		{C6EAA7A2-6021-45BB-82CF-D6202DB9719D}.Debug|Any CPU.ActiveCfg = Debug|Any CPU
		{C6EAA7A2-6021-45BB-82CF-D6202DB9719D}.Debug|Any CPU.Build.0 = Debug|Any CPU
		{C6EAA7A2-6021-45BB-82CF-D6202DB9719D}.Release|Any CPU.ActiveCfg = Release|Any CPU
		{C6EAA7A2-6021-45BB-82CF-D6202DB9719D}.Release|Any CPU.Build.0 = Release|Any CPU
		{581701A4-DBBF-4729-9B0F-3CD0391891BA}.Debug|Any CPU.ActiveCfg = Debug|Any CPU
		{581701A4-DBBF-4729-9B0F-3CD0391891BA}.Debug|Any CPU.Build.0 = Debug|Any CPU
		{581701A4-DBBF-4729-9B0F-3CD0391891BA}.Release|Any CPU.ActiveCfg = Release|Any CPU
		{581701A4-DBBF-4729-9B0F-3CD0391891BA}.Release|Any CPU.Build.0 = Release|Any CPU
		{4CF06ED9-52F1-48AA-8A85-0B4EA35BB53A}.Debug|Any CPU.ActiveCfg = Debug|Any CPU
		{4CF06ED9-52F1-48AA-8A85-0B4EA35BB53A}.Debug|Any CPU.Build.0 = Debug|Any CPU
		{4CF06ED9-52F1-48AA-8A85-0B4EA35BB53A}.Release|Any CPU.ActiveCfg = Release|Any CPU
		{4CF06ED9-52F1-48AA-8A85-0B4EA35BB53A}.Release|Any CPU.Build.0 = Release|Any CPU
		{89941709-E5EF-4119-9B3B-EC27693A21DD}.Debug|Any CPU.ActiveCfg = Debug|Any CPU
		{89941709-E5EF-4119-9B3B-EC27693A21DD}.Debug|Any CPU.Build.0 = Debug|Any CPU
		{89941709-E5EF-4119-9B3B-EC27693A21DD}.Release|Any CPU.ActiveCfg = Release|Any CPU
		{89941709-E5EF-4119-9B3B-EC27693A21DD}.Release|Any CPU.Build.0 = Release|Any CPU
	EndGlobalSection
	GlobalSection(SolutionProperties) = preSolution
		HideSolutionNode = FALSE
	EndGlobalSection
	GlobalSection(NestedProjects) = preSolution
		{5D2B6790-89F4-4726-B1FC-AB33CE14642A} = {28D360D0-C8B4-4FAE-BCD3-9BEDD3B96B0B}
		{C6EAA7A2-6021-45BB-82CF-D6202DB9719D} = {28D360D0-C8B4-4FAE-BCD3-9BEDD3B96B0B}
		{581701A4-DBBF-4729-9B0F-3CD0391891BA} = {F5ADDB32-A448-4562-8756-5FD42BB76854}
		{4CF06ED9-52F1-48AA-8A85-0B4EA35BB53A} = {F5ADDB32-A448-4562-8756-5FD42BB76854}
		{89941709-E5EF-4119-9B3B-EC27693A21DD} = {0F7834DD-B4E4-4D7B-A822-8CBA74DAE35E}
	EndGlobalSection
EndGlobal
